// !$*UTF8*$!
{
	archiveVersion = 1;
	classes = {
	};
	objectVersion = 56;
	objects = {

/* Begin PBXBuildFile section */
		AA000001 /* OmniApp.swift in Sources */ = {isa = PBXBuildFile; fileRef = AA000011 /* OmniApp.swift */; };
		AA000002 /* AppDelegate.swift in Sources */ = {isa = PBXBuildFile; fileRef = AA000012 /* AppDelegate.swift */; };
		AA000003 /* ContentView.swift in Sources */ = {isa = PBXBuildFile; fileRef = AA000013 /* ContentView.swift */; };
		AA000004 /* AIProvider.swift in Sources */ = {isa = PBXBuildFile; fileRef = AA000014 /* AIProvider.swift */; };
		AA000005 /* PersistentWebView.swift in Sources */ = {isa = PBXBuildFile; fileRef = AA000015 /* PersistentWebView.swift */; };
		AA000006 /* Assets.xcassets in Resources */ = {isa = PBXBuildFile; fileRef = AA000016 /* Assets.xcassets */; };
		BB000011 /* SettingsKeys.swift in Sources */ = {isa = PBXBuildFile; fileRef = BB000001 /* SettingsKeys.swift */; };
		BB000012 /* SettingsView.swift in Sources */ = {isa = PBXBuildFile; fileRef = BB000002 /* SettingsView.swift */; };
		BB000013 /* HotkeyRecorderView.swift in Sources */ = {isa = PBXBuildFile; fileRef = BB000003 /* HotkeyRecorderView.swift */; };
		BB000014 /* NotificationService.swift in Sources */ = {isa = PBXBuildFile; fileRef = BB000004 /* NotificationService.swift */; };
		BB000015 /* ExportService.swift in Sources */ = {isa = PBXBuildFile; fileRef = BB000005 /* ExportService.swift */; };
		BB000016 /* ObsidianService.swift in Sources */ = {isa = PBXBuildFile; fileRef = BB000006 /* ObsidianService.swift */; };
		BB000017 /* ClipboardMonitor.swift in Sources */ = {isa = PBXBuildFile; fileRef = BB000007 /* ClipboardMonitor.swift */; };
		CC000001 /* APIService.swift in Sources */ = {isa = PBXBuildFile; fileRef = CC000011 /* APIService.swift */; };
		CC000002 /* AggregationResultView.swift in Sources */ = {isa = PBXBuildFile; fileRef = CC000012 /* AggregationResultView.swift */; };
		DD000001 /* TwitterCSSInjector.swift in Sources */ = {isa = PBXBuildFile; fileRef = DD000011 /* TwitterCSSInjector.swift */; };
		EE000001 /* KeychainService.swift in Sources */ = {isa = PBXBuildFile; fileRef = EE000011 /* KeychainService.swift */; };
		EE000002 /* OmniIntegrationService.swift in Sources */ = {isa = PBXBuildFile; fileRef = EE000012 /* OmniIntegrationService.swift */; };
/* End PBXBuildFile section */

/* Begin PBXFileReference section */
		AA000010 /* Omni.app */ = {isa = PBXFileReference; explicitFileType = wrapper.application; includeInIndex = 0; path = Omni.app; sourceTree = BUILT_PRODUCTS_DIR; };
		AA000011 /* OmniApp.swift */ = {isa = PBXFileReference; lastKnownFileType = sourcecode.swift; path = OmniApp.swift; sourceTree = "<group>"; };
		AA000012 /* AppDelegate.swift */ = {isa = PBXFileReference; lastKnownFileType = sourcecode.swift; path = AppDelegate.swift; sourceTree = "<group>"; };
		AA000013 /* ContentView.swift */ = {isa = PBXFileReference; lastKnownFileType = sourcecode.swift; path = ContentView.swift; sourceTree = "<group>"; };
		AA000014 /* AIProvider.swift */ = {isa = PBXFileReference; lastKnownFileType = sourcecode.swift; path = AIProvider.swift; sourceTree = "<group>"; };
		AA000015 /* PersistentWebView.swift */ = {isa = PBXFileReference; lastKnownFileType = sourcecode.swift; path = PersistentWebView.swift; sourceTree = "<group>"; };
		AA000016 /* Assets.xcassets */ = {isa = PBXFileReference; lastKnownFileType = folder.assetcatalog; path = Assets.xcassets; sourceTree = "<group>"; };
		AA000017 /* Omni.entitlements */ = {isa = PBXFileReference; lastKnownFileType = text.plist.entitlements; path = Omni.entitlements; sourceTree = "<group>"; };
		BB000001 /* SettingsKeys.swift */ = {isa = PBXFileReference; lastKnownFileType = sourcecode.swift; path = SettingsKeys.swift; sourceTree = "<group>"; };
		BB000002 /* SettingsView.swift */ = {isa = PBXFileReference; lastKnownFileType = sourcecode.swift; path = SettingsView.swift; sourceTree = "<group>"; };
		BB000003 /* HotkeyRecorderView.swift */ = {isa = PBXFileReference; lastKnownFileType = sourcecode.swift; path = HotkeyRecorderView.swift; sourceTree = "<group>"; };
		BB000004 /* NotificationService.swift */ = {isa = PBXFileReference; lastKnownFileType = sourcecode.swift; path = NotificationService.swift; sourceTree = "<group>"; };
		BB000005 /* ExportService.swift */ = {isa = PBXFileReference; lastKnownFileType = sourcecode.swift; path = ExportService.swift; sourceTree = "<group>"; };
		BB000006 /* ObsidianService.swift */ = {isa = PBXFileReference; lastKnownFileType = sourcecode.swift; path = ObsidianService.swift; sourceTree = "<group>"; };
		BB000007 /* ClipboardMonitor.swift */ = {isa = PBXFileReference; lastKnownFileType = sourcecode.swift; path = ClipboardMonitor.swift; sourceTree = "<group>"; };
		CC000011 /* APIService.swift */ = {isa = PBXFileReference; lastKnownFileType = sourcecode.swift; path = APIService.swift; sourceTree = "<group>"; };
		CC000012 /* AggregationResultView.swift */ = {isa = PBXFileReference; lastKnownFileType = sourcecode.swift; path = AggregationResultView.swift; sourceTree = "<group>"; };
		DD000011 /* TwitterCSSInjector.swift */ = {isa = PBXFileReference; lastKnownFileType = sourcecode.swift; path = TwitterCSSInjector.swift; sourceTree = "<group>"; };
		EE000011 /* KeychainService.swift */ = {isa = PBXFileReference; lastKnownFileType = sourcecode.swift; path = KeychainService.swift; sourceTree = "<group>"; };
		EE000012 /* OmniIntegrationService.swift */ = {isa = PBXFileReference; lastKnownFileType = sourcecode.swift; path = OmniIntegrationService.swift; sourceTree = "<group>"; };
/* End PBXFileReference section */

/* Begin PBXFrameworksBuildPhase section */
		AA00000D /* Frameworks */ = {
			isa = PBXFrameworksBuildPhase;
			buildActionMask = 2147483647;
			files = (
			);
			runOnlyForDeploymentPostprocessing = 0;
		};
/* End PBXFrameworksBuildPhase section */

/* Begin PBXGroup section */
		AA000020 = {
			isa = PBXGroup;
			children = (
				AA000021 /* Omni */,
				AA000022 /* Products */,
			);
			sourceTree = "<group>";
		};
		AA000021 /* Omni */ = {
			isa = PBXGroup;
			children = (
				AA000011 /* OmniApp.swift */,
				AA000012 /* AppDelegate.swift */,
				AA000013 /* ContentView.swift */,
				AA000014 /* AIProvider.swift */,
				AA000015 /* PersistentWebView.swift */,
				CC000012 /* AggregationResultView.swift */,
				BB000030 /* Settings */,
				BB000031 /* Services */,
				AA000016 /* Assets.xcassets */,
				AA000017 /* Omni.entitlements */,
			);
			path = Omni;
			sourceTree = "<group>";
		};
		BB000030 /* Settings */ = {
			isa = PBXGroup;
			children = (
				BB000001 /* SettingsKeys.swift */,
				BB000002 /* SettingsView.swift */,
				BB000003 /* HotkeyRecorderView.swift */,
			);
			path = Settings;
			sourceTree = "<group>";
		};
		BB000031 /* Services */ = {
			isa = PBXGroup;
			children = (
				BB000004 /* NotificationService.swift */,
				BB000005 /* ExportService.swift */,
				BB000006 /* ObsidianService.swift */,
				BB000007 /* ClipboardMonitor.swift */,
				CC000011 /* APIService.swift */,
				DD000011 /* TwitterCSSInjector.swift */,
				EE000011 /* KeychainService.swift */,
				EE000012 /* OmniIntegrationService.swift */,
			);
			path = Services;
			sourceTree = "<group>";
		};
		AA000022 /* Products */ = {
			isa = PBXGroup;
			children = (
				AA000010 /* Omni.app */,
			);
			name = Products;
			sourceTree = "<group>";
		};
/* End PBXGroup section */

/* Begin PBXNativeTarget section */
		AA00000F /* Omni */ = {
			isa = PBXNativeTarget;
			buildConfigurationList = AA000030 /* Build configuration list for PBXNativeTarget "Omni" */;
			buildPhases = (
				AA00000C /* Sources */,
				AA00000D /* Frameworks */,
				AA00000E /* Resources */,
			);
			buildRules = (
			);
			dependencies = (
			);
			name = Omni;
			productName = Omni;
			productReference = AA000010 /* Omni.app */;
			productType = "com.apple.product-type.application";
		};
/* End PBXNativeTarget section */

/* Begin PBXProject section */
		AA000040 /* Project object */ = {
			isa = PBXProject;
			attributes = {
				BuildIndependentTargetsInParallel = 1;
				LastSwiftUpdateCheck = 1500;
				LastUpgradeCheck = 1500;
				TargetAttributes = {
					AA00000F = {
						CreatedOnToolsVersion = 15.0;
					};
				};
			};
			buildConfigurationList = AA000041 /* Build configuration list for PBXProject "Omni" */;
			compatibilityVersion = "Xcode 14.0";
			developmentRegion = en;
			hasScannedForEncodings = 0;
			knownRegions = (
				en,
				Base,
			);
			mainGroup = AA000020;
			productRefGroup = AA000022 /* Products */;
			projectDirPath = "";
			projectRoot = "";
			targets = (
				AA00000F /* Omni */,
			);
		};
/* End PBXProject section */

/* Begin PBXResourcesBuildPhase section */
		AA00000E /* Resources */ = {
			isa = PBXResourcesBuildPhase;
			buildActionMask = 2147483647;
			files = (
				AA000006 /* Assets.xcassets in Resources */,
			);
			runOnlyForDeploymentPostprocessing = 0;
		};
/* End PBXResourcesBuildPhase section */

/* Begin PBXSourcesBuildPhase section */
		AA00000C /* Sources */ = {
			isa = PBXSourcesBuildPhase;
			buildActionMask = 2147483647;
			files = (
				AA000001 /* OmniApp.swift in Sources */,
				AA000002 /* AppDelegate.swift in Sources */,
				AA000003 /* ContentView.swift in Sources */,
				AA000004 /* AIProvider.swift in Sources */,
				AA000005 /* PersistentWebView.swift in Sources */,
				BB000011 /* SettingsKeys.swift in Sources */,
				BB000012 /* SettingsView.swift in Sources */,
				BB000013 /* HotkeyRecorderView.swift in Sources */,
				BB000014 /* NotificationService.swift in Sources */,
				BB000015 /* ExportService.swift in Sources */,
				BB000016 /* ObsidianService.swift in Sources */,
				BB000017 /* ClipboardMonitor.swift in Sources */,
				CC000001 /* APIService.swift in Sources */,
				CC000002 /* AggregationResultView.swift in Sources */,
				DD000001 /* TwitterCSSInjector.swift in Sources */,
				EE000001 /* KeychainService.swift in Sources */,
				EE000002 /* OmniIntegrationService.swift in Sources */,
			);
			runOnlyForDeploymentPostprocessing = 0;
		};
/* End PBXSourcesBuildPhase section */

/* Begin XCBuildConfiguration section */
		AA000050 /* Debug */ = {
			isa = XCBuildConfiguration;
			buildSettings = {
				ALWAYS_SEARCH_USER_PATHS = NO;
				ASSETCATALOG_COMPILER_GENERATE_SWIFT_ASSET_SYMBOL_EXTENSIONS = YES;
				CLANG_ANALYZER_NONNULL = YES;
				CLANG_ANALYZER_NUMBER_OBJECT_CONVERSION = YES_AGGRESSIVE;
				CLANG_CXX_LANGUAGE_STANDARD = "gnu++20";
				CLANG_ENABLE_MODULES = YES;
				CLANG_ENABLE_OBJC_ARC = YES;
				CLANG_ENABLE_OBJC_WEAK = YES;
				CLANG_WARN_BLOCK_CAPTURE_AUTORELEASING = YES;
				CLANG_WARN_BOOL_CONVERSION = YES;
				CLANG_WARN_COMMA = YES;
				CLANG_WARN_CONSTANT_CONVERSION = YES;
				CLANG_WARN_DEPRECATED_OBJC_IMPLEMENTATIONS = YES;
				CLANG_WARN_DIRECT_OBJC_ISA_USAGE = YES_ERROR;
				CLANG_WARN_DOCUMENTATION_COMMENTS = YES;
				CLANG_WARN_EMPTY_BODY = YES;
				CLANG_WARN_ENUM_CONVERSION = YES;
				CLANG_WARN_INFINITE_RECURSION = YES;
				CLANG_WARN_INT_CONVERSION = YES;
				CLANG_WARN_NON_LITERAL_NULL_CONVERSION = YES;
				CLANG_WARN_OBJC_IMPLICIT_RETAIN_SELF = YES;
				CLANG_WARN_OBJC_LITERAL_CONVERSION = YES;
				CLANG_WARN_OBJC_ROOT_CLASS = YES_ERROR;
				CLANG_WARN_QUOTED_INCLUDE_IN_FRAMEWORK_HEADER = YES;
				CLANG_WARN_RANGE_LOOP_ANALYSIS = YES;
				CLANG_WARN_STRICT_PROTOTYPES = YES;
				CLANG_WARN_SUSPICIOUS_MOVE = YES;
				CLANG_WARN_UNGUARDED_AVAILABILITY = YES_AGGRESSIVE;
				CLANG_WARN_UNREACHABLE_CODE = YES;
				CLANG_WARN__DUPLICATE_METHOD_MATCH = YES;
				COPY_PHASE_STRIP = NO;
				DEBUG_INFORMATION_FORMAT = dwarf;
				ENABLE_STRICT_OBJC_MSGSEND = YES;
				ENABLE_TESTABILITY = YES;
				ENABLE_USER_SCRIPT_SANDBOXING = YES;
				GCC_C_LANGUAGE_STANDARD = gnu17;
				GCC_DYNAMIC_NO_PIC = NO;
				GCC_NO_COMMON_BLOCKS = YES;
				GCC_OPTIMIZATION_LEVEL = 0;
				GCC_PREPROCESSOR_DEFINITIONS = (
					"DEBUG=1",
					"$(inherited)",
				);
				GCC_WARN_64_TO_32_BIT_CONVERSION = YES;
				GCC_WARN_ABOUT_RETURN_TYPE = YES_ERROR;
				GCC_WARN_UNDECLARED_SELECTOR = YES;
				GCC_WARN_UNINITIALIZED_AUTOS = YES_AGGRESSIVE;
				GCC_WARN_UNUSED_FUNCTION = YES;
				GCC_WARN_UNUSED_VARIABLE = YES;
				MACOSX_DEPLOYMENT_TARGET = 13.0;
				MTL_ENABLE_DEBUG_INFO = INCLUDE_SOURCE;
				MTL_FAST_MATH = YES;
				ONLY_ACTIVE_ARCH = YES;
				SDKROOT = macosx;
				SWIFT_ACTIVE_COMPILATION_CONDITIONS = "DEBUG $(inherited)";
				SWIFT_OPTIMIZATION_LEVEL = "-Onone";
			};
			name = Debug;
		};
		AA000051 /* Release */ = {
			isa = XCBuildConfiguration;
			buildSettings = {
				ALWAYS_SEARCH_USER_PATHS = NO;
				ASSETCATALOG_COMPILER_GENERATE_SWIFT_ASSET_SYMBOL_EXTENSIONS = YES;
				CLANG_ANALYZER_NONNULL = YES;
				CLANG_ANALYZER_NUMBER_OBJECT_CONVERSION = YES_AGGRESSIVE;
				CLANG_CXX_LANGUAGE_STANDARD = "gnu++20";
				CLANG_ENABLE_MODULES = YES;
				CLANG_ENABLE_OBJC_ARC = YES;
				CLANG_ENABLE_OBJC_WEAK = YES;
				CLANG_WARN_BLOCK_CAPTURE_AUTORELEASING = YES;
				CLANG_WARN_BOOL_CONVERSION = YES;
				CLANG_WARN_COMMA = YES;
				CLANG_WARN_CONSTANT_CONVERSION = YES;
				CLANG_WARN_DEPRECATED_OBJC_IMPLEMENTATIONS = YES;
				CLANG_WARN_DIRECT_OBJC_ISA_USAGE = YES_ERROR;
				CLANG_WARN_DOCUMENTATION_COMMENTS = YES;
				CLANG_WARN_EMPTY_BODY = YES;
				CLANG_WARN_ENUM_CONVERSION = YES;
				CLANG_WARN_INFINITE_RECURSION = YES;
				CLANG_WARN_INT_CONVERSION = YES;
				CLANG_WARN_NON_LITERAL_NULL_CONVERSION = YES;
				CLANG_WARN_OBJC_IMPLICIT_RETAIN_SELF = YES;
				CLANG_WARN_OBJC_LITERAL_CONVERSION = YES;
				CLANG_WARN_OBJC_ROOT_CLASS = YES_ERROR;
				CLANG_WARN_QUOTED_INCLUDE_IN_FRAMEWORK_HEADER = YES;
				CLANG_WARN_RANGE_LOOP_ANALYSIS = YES;
				CLANG_WARN_STRICT_PROTOTYPES = YES;
				CLANG_WARN_SUSPICIOUS_MOVE = YES;
				CLANG_WARN_UNGUARDED_AVAILABILITY = YES_AGGRESSIVE;
				CLANG_WARN_UNREACHABLE_CODE = YES;
				CLANG_WARN__DUPLICATE_METHOD_MATCH = YES;
				COPY_PHASE_STRIP = NO;
				DEBUG_INFORMATION_FORMAT = "dwarf-with-dsym";
				ENABLE_NS_ASSERTIONS = NO;
				ENABLE_STRICT_OBJC_MSGSEND = YES;
				ENABLE_USER_SCRIPT_SANDBOXING = YES;
				GCC_C_LANGUAGE_STANDARD = gnu17;
				GCC_NO_COMMON_BLOCKS = YES;
				GCC_WARN_64_TO_32_BIT_CONVERSION = YES;
				GCC_WARN_ABOUT_RETURN_TYPE = YES_ERROR;
				GCC_WARN_UNDECLARED_SELECTOR = YES;
				GCC_WARN_UNINITIALIZED_AUTOS = YES_AGGRESSIVE;
				GCC_WARN_UNUSED_FUNCTION = YES;
				GCC_WARN_UNUSED_VARIABLE = YES;
				MACOSX_DEPLOYMENT_TARGET = 13.0;
				MTL_ENABLE_DEBUG_INFO = NO;
				MTL_FAST_MATH = YES;
				SDKROOT = macosx;
				SWIFT_COMPILATION_MODE = wholemodule;
			};
			name = Release;
		};
		AA000052 /* Debug */ = {
			isa = XCBuildConfiguration;
			buildSettings = {
				ASSETCATALOG_COMPILER_APPICON_NAME = AppIcon;
				ASSETCATALOG_COMPILER_GLOBAL_ACCENT_COLOR_NAME = AccentColor;
				CODE_SIGN_ENTITLEMENTS = Omni/Omni.entitlements;
				CODE_SIGN_STYLE = Automatic;
				COMBINE_HIDPI_IMAGES = YES;
				CURRENT_PROJECT_VERSION = 2;
				DEVELOPMENT_TEAM = "";
				ENABLE_HARDENED_RUNTIME = YES;
				GENERATE_INFOPLIST_FILE = YES;
				INFOPLIST_KEY_CFBundleDisplayName = Omni;
				INFOPLIST_KEY_CFBundleName = Omni;
				INFOPLIST_KEY_LSApplicationCategoryType = "public.app-category.productivity";
				INFOPLIST_KEY_LSUIElement = YES;
				INFOPLIST_KEY_NSHumanReadableCopyright = "";
				MARKETING_VERSION = 1.0.1;
				PRODUCT_BUNDLE_IDENTIFIER = com.omni.app;
				PRODUCT_NAME = "$(TARGET_NAME)";
				SWIFT_EMIT_LOC_STRINGS = YES;
				SWIFT_VERSION = 5.0;
			};
			name = Debug;
		};
		AA000053 /* Release */ = {
			isa = XCBuildConfiguration;
			buildSettings = {
				ASSETCATALOG_COMPILER_APPICON_NAME = AppIcon;
				ASSETCATALOG_COMPILER_GLOBAL_ACCENT_COLOR_NAME = AccentColor;
				CODE_SIGN_ENTITLEMENTS = Omni/Omni.entitlements;
				CODE_SIGN_STYLE = Automatic;
				COMBINE_HIDPI_IMAGES = YES;
				CURRENT_PROJECT_VERSION = 2;
				DEVELOPMENT_TEAM = "";
				ENABLE_HARDENED_RUNTIME = YES;
				GENERATE_INFOPLIST_FILE = YES;
				INFOPLIST_KEY_CFBundleDisplayName = Omni;
				INFOPLIST_KEY_CFBundleName = Omni;
				INFOPLIST_KEY_LSApplicationCategoryType = "public.app-category.productivity";
				INFOPLIST_KEY_LSUIElement = YES;
				INFOPLIST_KEY_NSHumanReadableCopyright = "";
				MARKETING_VERSION = 1.0.1;
				PRODUCT_BUNDLE_IDENTIFIER = com.omni.app;
				PRODUCT_NAME = "$(TARGET_NAME)";
				SWIFT_EMIT_LOC_STRINGS = YES;
				SWIFT_VERSION = 5.0;
			};
			name = Release;
		};
/* End XCBuildConfiguration section */

/* Begin XCConfigurationList section */
		AA000041 /* Build configuration list for PBXProject "Omni" */ = {
			isa = XCConfigurationList;
			buildConfigurations = (
				AA000050 /* Debug */,
				AA000051 /* Release */,
			);
			defaultConfigurationIsVisible = 0;
			defaultConfigurationName = Release;
		};
		AA000030 /* Build configuration list for PBXNativeTarget "Omni" */ = {
			isa = XCConfigurationList;
			buildConfigurations = (
				AA000052 /* Debug */,
				AA000053 /* Release */,
			);
			defaultConfigurationIsVisible = 0;
			defaultConfigurationName = Release;
		};
/* End XCConfigurationList section */

	};
	rootObject = AA000040 /* Project object */;
}
